# THIS IS AN AUTOGENERATED FILE. DO NOT EDIT THIS FILE DIRECTLY.
# yarn lockfile v1


almond@~0.3.1:
  version "0.3.3"
  resolved "https://registry.yarnpkg.com/almond/-/almond-0.3.3.tgz#a0e7c95ac7624d6417b4494b1e68bff693168a20"
  integrity sha1-oOfJWsdiTWQXtElLHmi/9pMWiiA=

animate.css@3.5.2:
  version "3.5.2"
  resolved "https://registry.yarnpkg.com/animate.css/-/animate.css-3.5.2.tgz#91e668dc069a808e5e499514867b97aae0166c36"
  integrity sha1-keZo3AaagI5eSZUUhnuXquAWbDY=

bootstrap@4.0.0-beta:
  version "4.0.0-beta"
  resolved "https://registry.yarnpkg.com/bootstrap/-/bootstrap-4.0.0-beta.tgz#dc5928175d2e71310bc668cf9e05a907211b72a6"
  integrity sha512-I/r3fYtUZr+rUNkh8HI+twxZ56p6ehNn27eA1XSebLVQKAJ2xZHnEvZrSR+UR2A/bONcd9gHC3xatVhQlH6R6w==

jquery-mousewheel@~3.1.13:
  version "3.1.13"
  resolved "https://registry.yarnpkg.com/jquery-mousewheel/-/jquery-mousewheel-3.1.13.tgz#06f0335f16e353a695e7206bf50503cb523a6ee5"
  integrity sha1-BvAzXxbjU6aV5yBr9QUDy1I6buU=

jquery@3.2.1:
  version "3.2.1"
  resolved "https://registry.yarnpkg.com/jquery/-/jquery-3.2.1.tgz#5c4d9de652af6cd0a770154a631bba12b015c787"
  integrity sha1-XE2d5lKvbNCncBVKYxu6ErAVx4c=

perfect-scrollbar@1.1.0:
  version "1.1.0"
  resolved "https://registry.yarnpkg.com/perfect-scrollbar/-/perfect-scrollbar-1.1.0.tgz#8b213f51308f6b0131c07d67d0d01390a2b51a7f"
  integrity sha512-nd3qD1foPdQRDS6iUmlh8hfVQJGFit9eCc6HT8vQayCh8Xx2GH6tXflFyQnI+onDzJkmucSJBFNrGpG/0xzryQ==

popper.js@1.12.5:
  version "1.12.5"
  resolved "https://registry.yarnpkg.com/popper.js/-/popper.js-1.12.5.tgz#229e4dea01629e1f1a1e26991ffade5024220fa6"
  integrity sha512-6R2eXIy1xYukMNutoD+y/Gj0IpjEQhivyZonm5Vz0Fp8jdc7kvheKCvpM/t+PxqKb7VbLVnvPVEdTyslEb7f6w==

select2@4.0.3:
  version "4.0.3"
  resolved "https://registry.yarnpkg.com/select2/-/select2-4.0.3.tgz#207733fe91eacb9cb1a13f12463401f472449e0f"
  integrity sha1-IHcz/pHqy5yxoT8SRjQB9HJEng8=
  dependencies:
    almond "~0.3.1"
    jquery-mousewheel "~3.1.13"
